# This file was autogenerated by Stack.
# You should not edit this file by hand.
# For more information, please see the documentation at:
#   https://docs.haskellstack.org/en/stable/lock_files

packages:
- completed:
    hackage: generically-0.1.1@sha256:aa00d9a77b7fb90c08f935699758ed9de55975021b1e979c6a4a4b5b49a940a9,1133
    pantry-tree:
      size: 233
      sha256: ec19e6d2aecfbe7a59e789526b9d7ab5c8ba853f017248d0203ee69a9769adb7
  original:
    hackage: generically-0.1.1@sha256:aa00d9a77b7fb90c08f935699758ed9de55975021b1e979c6a4a4b5b49a940a9,1133
- completed:
    hackage: aeson-2.1.2.1@sha256:f10f3c661bd5cf57aee46b94420e47736240b8e209ac15f4bfc1a4e4d55831fa,6344
    pantry-tree:
      size: 82465
      sha256: 8109d6674450841953af7929dbdcf5be9c5c399c3bfa2169b88c3f00c4b429d6
  original:
    hackage: aeson-2.1.2.1@sha256:f10f3c661bd5cf57aee46b94420e47736240b8e209ac15f4bfc1a4e4d55831fa,6344
- completed:
    hackage: text-replace-0.1.0.3@sha256:1ac3a6a18f0e7d5274e14b6e03e3b36b953d8f0a24ee6b43f8a8befb4160b6b6,1628
    pantry-tree:
      size: 394
      sha256: 9d2b3712b7223ab76c50f5e86bdca1431287896af9bd93abc54533a264da1de0
  original:
    hackage: text-replace-0.1.0.3@sha256:1ac3a6a18f0e7d5274e14b6e03e3b36b953d8f0a24ee6b43f8a8befb4160b6b6,1628
snapshots:
- completed:
    size: 648924
    url: https://raw.githubusercontent.com/commercialhaskell/stackage-snapshots/master/lts/20/13.yaml
    sha256: b37c0abab16c7de352c45b85f8ecc8530b084209a2c42987a96c92b4a5e3cd65
  original:
    url: https://raw.githubusercontent.com/commercialhaskell/stackage-snapshots/master/lts/20/13.yaml
